<?xml version="1.0" encoding="utf-8"?>
<Project ToolsVersion="4.0" xmlns="http://schemas.microsoft.com/developer/msbuild/2003">
  <ItemGroup>
    <Filter Include="Game">
      <UniqueIdentifier>{9a58978d-7c89-4c70-9f1e-24dd1f46be4e}</UniqueIdentifier>
    </Filter>
    <Filter Include="Engine">
      <UniqueIdentifier>{5163e408-0512-476e-9d19-9182feed1692}</UniqueIdentifier>
    </Filter>
    <Filter Include="Shaders">
      <UniqueIdentifier>{1e3f5ca4-ebee-4bef-bc14-eb7362579742}</UniqueIdentifier>
    </Filter>
  </ItemGroup>
  <ItemGroup>
    <ClCompile Include="Src\stdafx.cpp" />
    <ClCompile Include="Src\Winmain.cpp" />
    <ClCompile Include="Src\Tower.cpp">
      <Filter>Game</Filter>
    </ClCompile>
    <ClCompile Include="Src\System.cpp" />
    <ClCompile Include="Src\Engine.cpp">
      <Filter>Engine</Filter>
    </ClCompile>
    <ClCompile Include="Src\D3D.cpp">
      <Filter>Engine</Filter>
    </ClCompile>
    <ClCompile Include="Src\Text.cpp">
      <Filter>Engine</Filter>
    </ClCompile>
    <ClCompile Include="Src\Texture.cpp">
      <Filter>Engine</Filter>
    </ClCompile>
    <ClCompile Include="Src\Timer.cpp">
      <Filter>Engine</Filter>
    </ClCompile>
    <ClCompile Include="Src\Input.cpp">
      <Filter>Engine</Filter>
    </ClCompile>
    <ClCompile Include="Src\Camera.cpp">
      <Filter>Engine</Filter>
    </ClCompile>
    <ClCompile Include="Src\Colorshader.cpp">
      <Filter>Engine</Filter>
    </ClCompile>
    <ClCompile Include="Src\Cpu.cpp">
      <Filter>Engine</Filter>
    </ClCompile>
    <ClCompile Include="Src\Fontshader.cpp">
      <Filter>Engine</Filter>
    </ClCompile>
    <ClCompile Include="Src\Game.cpp">
      <Filter>Game</Filter>
    </ClCompile>
    <ClCompile Include="Src\Creeper.cpp">
      <Filter>Game</Filter>
    </ClCompile>
    <ClCompile Include="Src\Fps.cpp">
      <Filter>Engine</Filter>
    </ClCompile>
    <ClCompile Include="Src\Font.cpp">
      <Filter>Engine</Filter>
    </ClCompile>
    <ClCompile Include="Src\Model.cpp">
      <Filter>Game</Filter>
    </ClCompile>
    <ClCompile Include="Src\Lightshader.cpp">
      <Filter>Engine</Filter>
    </ClCompile>
    <ClCompile Include="Src\Light.cpp">
      <Filter>Game</Filter>
    </ClCompile>
    <ClCompile Include="Src\Terrain.cpp">
      <Filter>Game</Filter>
    </ClCompile>
    <ClCompile Include="Src\Terrainshader.cpp">
      <Filter>Engine</Filter>
    </ClCompile>
  </ItemGroup>
  <ItemGroup>
    <ClInclude Include="Src\stdafx.h" />
    <ClInclude Include="Src\Creeper.h">
      <Filter>Game</Filter>
    </ClInclude>
    <ClInclude Include="Src\Game.h">
      <Filter>Game</Filter>
    </ClInclude>
    <ClInclude Include="Src\Tower.h">
      <Filter>Game</Filter>
    </ClInclude>
    <ClInclude Include="Src\System.h" />
    <ClInclude Include="Src\Engine.h">
      <Filter>Engine</Filter>
    </ClInclude>
    <ClInclude Include="Src\D3D.h">
      <Filter>Engine</Filter>
    </ClInclude>
    <ClInclude Include="Src\Text.h">
      <Filter>Engine</Filter>
    </ClInclude>
    <ClInclude Include="Src\Texture.h">
      <Filter>Engine</Filter>
    </ClInclude>
    <ClInclude Include="Src\Timer.h">
      <Filter>Engine</Filter>
    </ClInclude>
    <ClInclude Include="Src\Input.h">
      <Filter>Engine</Filter>
    </ClInclude>
    <ClInclude Include="Src\Camera.h">
      <Filter>Engine</Filter>
    </ClInclude>
    <ClInclude Include="Src\Colorshader.h">
      <Filter>Engine</Filter>
    </ClInclude>
    <ClInclude Include="Src\Cpu.h">
      <Filter>Engine</Filter>
    </ClInclude>
    <ClInclude Include="Src\Fontshader.h">
      <Filter>Engine</Filter>
    </ClInclude>
    <ClInclude Include="Src\Fps.h">
      <Filter>Engine</Filter>
    </ClInclude>
    <ClInclude Include="Src\Font.h">
      <Filter>Engine</Filter>
    </ClInclude>
    <ClInclude Include="Src\Model.h">
      <Filter>Game</Filter>
    </ClInclude>
    <ClInclude Include="Src\LightShader.h">
      <Filter>Engine</Filter>
    </ClInclude>
    <ClInclude Include="Src\Light.h">
      <Filter>Game</Filter>
    </ClInclude>
    <ClInclude Include="Src\Terrain.h">
      <Filter>Game</Filter>
    </ClInclude>
    <ClInclude Include="Src\Terrainshader.h">
      <Filter>Engine</Filter>
    </ClInclude>
  </ItemGroup>
  <ItemGroup>
    <FxCompile Include="Data\color.ps">
      <Filter>Shaders</Filter>
    </FxCompile>
    <FxCompile Include="Data\color.vs">
      <Filter>Shaders</Filter>
    </FxCompile>
    <FxCompile Include="Data\font.ps">
      <Filter>Shaders</Filter>
    </FxCompile>
    <FxCompile Include="Data\font.vs">
      <Filter>Shaders</Filter>
    </FxCompile>
  </ItemGroup>
  <ItemGroup>
    <None Include="Data\light.ps">
      <Filter>Shaders</Filter>
    </None>
    <None Include="Data\light.vs">
      <Filter>Shaders</Filter>
    </None>
    <None Include="Data\terrain.ps">
      <Filter>Shaders</Filter>
    </None>
    <None Include="Data\terrain.vs">
      <Filter>Shaders</Filter>
    </None>
  </ItemGroup>
</Project>